// !$*UTF8*$!
{
	archiveVersion = 1;
	classes = {
	};
	objectVersion = 56;
	objects = {

/* Begin PBXBuildFile section */
		529B4D5129BFCAE30074DD94 /* UITextField + Extension.swift in Sources */ = {isa = PBXBuildFile; fileRef = 529B4D5029BFCAE30074DD94 /* UITextField + Extension.swift */; };
		529B4D5329BFD02F0074DD94 /* CustomView(TF).swift in Sources */ = {isa = PBXBuildFile; fileRef = 529B4D5229BFD02F0074DD94 /* CustomView(TF).swift */; };
		529B4D5529BFD5860074DD94 /* LoginViewController.swift in Sources */ = {isa = PBXBuildFile; fileRef = 529B4D5429BFD5860074DD94 /* LoginViewController.swift */; };
		529B4D5729BFD8690074DD94 /* ChatViewController.swift in Sources */ = {isa = PBXBuildFile; fileRef = 529B4D5629BFD8690074DD94 /* ChatViewController.swift */; };
		529B4D5929BFDB5E0074DD94 /* CustomView(TF + Button).swift in Sources */ = {isa = PBXBuildFile; fileRef = 529B4D5829BFDB5E0074DD94 /* CustomView(TF + Button).swift */; };
		52F2F9D429BF7FE5003C1424 /* AppDelegate.swift in Sources */ = {isa = PBXBuildFile; fileRef = 52F2F9D329BF7FE5003C1424 /* AppDelegate.swift */; };
		52F2F9D629BF7FE5003C1424 /* SceneDelegate.swift in Sources */ = {isa = PBXBuildFile; fileRef = 52F2F9D529BF7FE5003C1424 /* SceneDelegate.swift */; };
		52F2F9D829BF7FE5003C1424 /* WelcomeViewController.swift in Sources */ = {isa = PBXBuildFile; fileRef = 52F2F9D729BF7FE5003C1424 /* WelcomeViewController.swift */; };
		52F2F9DD29BF7FE7003C1424 /* Assets.xcassets in Resources */ = {isa = PBXBuildFile; fileRef = 52F2F9DC29BF7FE7003C1424 /* Assets.xcassets */; };
		52F2F9E029BF7FE7003C1424 /* LaunchScreen.storyboard in Resources */ = {isa = PBXBuildFile; fileRef = 52F2F9DE29BF7FE7003C1424 /* LaunchScreen.storyboard */; };
		52F2F9E829BF81D5003C1424 /* StackView + Extension.swift in Sources */ = {isa = PBXBuildFile; fileRef = 52F2F9E729BF81D5003C1424 /* StackView + Extension.swift */; };
		52F2F9EA29BF86D9003C1424 /* UIButton + Extension.swift in Sources */ = {isa = PBXBuildFile; fileRef = 52F2F9E929BF86D9003C1424 /* UIButton + Extension.swift */; };
		52F2F9EE29BF9230003C1424 /* RegisterViewController.swift in Sources */ = {isa = PBXBuildFile; fileRef = 52F2F9ED29BF9230003C1424 /* RegisterViewController.swift */; };
		D64DF247F678E49B539EFE67 /* Pods_FlashChat.framework in Frameworks */ = {isa = PBXBuildFile; fileRef = 6DFA27C7FB75EA18A8B5334B /* Pods_FlashChat.framework */; };
/* End PBXBuildFile section */

/* Begin PBXFileReference section */
		03F4582610DBDA3E9477F55F /* Pods-FlashChat.release.xcconfig */ = {isa = PBXFileReference; includeInIndex = 1; lastKnownFileType = text.xcconfig; name = "Pods-FlashChat.release.xcconfig"; path = "Target Support Files/Pods-FlashChat/Pods-FlashChat.release.xcconfig"; sourceTree = "<group>"; };
		529B4D5029BFCAE30074DD94 /* UITextField + Extension.swift */ = {isa = PBXFileReference; lastKnownFileType = sourcecode.swift; path = "UITextField + Extension.swift"; sourceTree = "<group>"; };
		529B4D5229BFD02F0074DD94 /* CustomView(TF).swift */ = {isa = PBXFileReference; lastKnownFileType = sourcecode.swift; path = "CustomView(TF).swift"; sourceTree = "<group>"; };
		529B4D5429BFD5860074DD94 /* LoginViewController.swift */ = {isa = PBXFileReference; lastKnownFileType = sourcecode.swift; path = LoginViewController.swift; sourceTree = "<group>"; };
		529B4D5629BFD8690074DD94 /* ChatViewController.swift */ = {isa = PBXFileReference; lastKnownFileType = sourcecode.swift; path = ChatViewController.swift; sourceTree = "<group>"; };
		529B4D5829BFDB5E0074DD94 /* CustomView(TF + Button).swift */ = {isa = PBXFileReference; lastKnownFileType = sourcecode.swift; path = "CustomView(TF + Button).swift"; sourceTree = "<group>"; };
		52F2F9D029BF7FE5003C1424 /* FlashChat.app */ = {isa = PBXFileReference; explicitFileType = wrapper.application; includeInIndex = 0; path = FlashChat.app; sourceTree = BUILT_PRODUCTS_DIR; };
		52F2F9D329BF7FE5003C1424 /* AppDelegate.swift */ = {isa = PBXFileReference; lastKnownFileType = sourcecode.swift; path = AppDelegate.swift; sourceTree = "<group>"; };
		52F2F9D529BF7FE5003C1424 /* SceneDelegate.swift */ = {isa = PBXFileReference; lastKnownFileType = sourcecode.swift; path = SceneDelegate.swift; sourceTree = "<group>"; };
		52F2F9D729BF7FE5003C1424 /* WelcomeViewController.swift */ = {isa = PBXFileReference; lastKnownFileType = sourcecode.swift; path = WelcomeViewController.swift; sourceTree = "<group>"; };
		52F2F9DC29BF7FE7003C1424 /* Assets.xcassets */ = {isa = PBXFileReference; lastKnownFileType = folder.assetcatalog; path = Assets.xcassets; sourceTree = "<group>"; };
		52F2F9DF29BF7FE7003C1424 /* Base */ = {isa = PBXFileReference; lastKnownFileType = file.storyboard; name = Base; path = Base.lproj/LaunchScreen.storyboard; sourceTree = "<group>"; };
		52F2F9E129BF7FE7003C1424 /* Info.plist */ = {isa = PBXFileReference; lastKnownFileType = text.plist.xml; path = Info.plist; sourceTree = "<group>"; };
		52F2F9E729BF81D5003C1424 /* StackView + Extension.swift */ = {isa = PBXFileReference; lastKnownFileType = sourcecode.swift; path = "StackView + Extension.swift"; sourceTree = "<group>"; };
		52F2F9E929BF86D9003C1424 /* UIButton + Extension.swift */ = {isa = PBXFileReference; lastKnownFileType = sourcecode.swift; path = "UIButton + Extension.swift"; sourceTree = "<group>"; };
		52F2F9ED29BF9230003C1424 /* RegisterViewController.swift */ = {isa = PBXFileReference; lastKnownFileType = sourcecode.swift; path = RegisterViewController.swift; sourceTree = "<group>"; };
		6DFA27C7FB75EA18A8B5334B /* Pods_FlashChat.framework */ = {isa = PBXFileReference; explicitFileType = wrapper.framework; includeInIndex = 0; path = Pods_FlashChat.framework; sourceTree = BUILT_PRODUCTS_DIR; };
		B4CFB1E0749F521515BBF76B /* Pods-FlashChat.debug.xcconfig */ = {isa = PBXFileReference; includeInIndex = 1; lastKnownFileType = text.xcconfig; name = "Pods-FlashChat.debug.xcconfig"; path = "Target Support Files/Pods-FlashChat/Pods-FlashChat.debug.xcconfig"; sourceTree = "<group>"; };
/* End PBXFileReference section */

/* Begin PBXFrameworksBuildPhase section */
		52F2F9CD29BF7FE5003C1424 /* Frameworks */ = {
			isa = PBXFrameworksBuildPhase;
			buildActionMask = 2147483647;
			files = (
				D64DF247F678E49B539EFE67 /* Pods_FlashChat.framework in Frameworks */,
			);
			runOnlyForDeploymentPostprocessing = 0;
		};
/* End PBXFrameworksBuildPhase section */

/* Begin PBXGroup section */
		529B4D5A29BFE9BD0074DD94 /* Controllers */ = {
			isa = PBXGroup;
			children = (
				52F2F9D729BF7FE5003C1424 /* WelcomeViewController.swift */,
				52F2F9ED29BF9230003C1424 /* RegisterViewController.swift */,
				529B4D5429BFD5860074DD94 /* LoginViewController.swift */,
				529B4D5629BFD8690074DD94 /* ChatViewController.swift */,
			);
			path = Controllers;
			sourceTree = "<group>";
		};
		52F2F9C729BF7FE5003C1424 = {
			isa = PBXGroup;
			children = (
				52F2F9D229BF7FE5003C1424 /* FlashChat */,
				52F2F9D129BF7FE5003C1424 /* Products */,
				9F97E178399CE3C61BFD07C5 /* Pods */,
				F83A4B10E9AA7AA25C0528EA /* Frameworks */,
			);
			sourceTree = "<group>";
		};
		52F2F9D129BF7FE5003C1424 /* Products */ = {
			isa = PBXGroup;
			children = (
				52F2F9D029BF7FE5003C1424 /* FlashChat.app */,
			);
			name = Products;
			sourceTree = "<group>";
		};
		52F2F9D229BF7FE5003C1424 /* FlashChat */ = {
			isa = PBXGroup;
			children = (
				52F2F9D329BF7FE5003C1424 /* AppDelegate.swift */,
				52F2F9D529BF7FE5003C1424 /* SceneDelegate.swift */,
				529B4D5A29BFE9BD0074DD94 /* Controllers */,
				52F2F9EC29BF86EA003C1424 /* Extension */,
				52F2F9DC29BF7FE7003C1424 /* Assets.xcassets */,
				52F2F9DE29BF7FE7003C1424 /* LaunchScreen.storyboard */,
				52F2F9E129BF7FE7003C1424 /* Info.plist */,
			);
			path = FlashChat;
			sourceTree = "<group>";
		};
		52F2F9EB29BF86E0003C1424 /* UIKit */ = {
			isa = PBXGroup;
			children = (
				52F2F9E729BF81D5003C1424 /* StackView + Extension.swift */,
				529B4D5029BFCAE30074DD94 /* UITextField + Extension.swift */,
				52F2F9E929BF86D9003C1424 /* UIButton + Extension.swift */,
			);
			path = UIKit;
			sourceTree = "<group>";
		};
		52F2F9EC29BF86EA003C1424 /* Extension */ = {
			isa = PBXGroup;
			children = (
				529B4D5229BFD02F0074DD94 /* CustomView(TF).swift */,
				529B4D5829BFDB5E0074DD94 /* CustomView(TF + Button).swift */,
				52F2F9EB29BF86E0003C1424 /* UIKit */,
			);
			path = Extension;
			sourceTree = "<group>";
		};
		9F97E178399CE3C61BFD07C5 /* Pods */ = {
			isa = PBXGroup;
			children = (
				B4CFB1E0749F521515BBF76B /* Pods-FlashChat.debug.xcconfig */,
				03F4582610DBDA3E9477F55F /* Pods-FlashChat.release.xcconfig */,
			);
			name = Pods;
			path = Pods;
			sourceTree = "<group>";
		};
		F83A4B10E9AA7AA25C0528EA /* Frameworks */ = {
			isa = PBXGroup;
			children = (
				6DFA27C7FB75EA18A8B5334B /* Pods_FlashChat.framework */,
			);
			name = Frameworks;
			sourceTree = "<group>";
		};
/* End PBXGroup section */

/* Begin PBXNativeTarget section */
		52F2F9CF29BF7FE5003C1424 /* FlashChat */ = {
			isa = PBXNativeTarget;
			buildConfigurationList = 52F2F9E429BF7FE7003C1424 /* Build configuration list for PBXNativeTarget "FlashChat" */;
			buildPhases = (
				40EF545940282792D4D0E805 /* [CP] Check Pods Manifest.lock */,
				52F2F9CC29BF7FE5003C1424 /* Sources */,
				52F2F9CD29BF7FE5003C1424 /* Frameworks */,
				52F2F9CE29BF7FE5003C1424 /* Resources */,
			);
			buildRules = (
			);
			dependencies = (
			);
			name = FlashChat;
			productName = FlashChat;
			productReference = 52F2F9D029BF7FE5003C1424 /* FlashChat.app */;
			productType = "com.apple.product-type.application";
		};
/* End PBXNativeTarget section */

/* Begin PBXProject section */
		52F2F9C829BF7FE5003C1424 /* Project object */ = {
			isa = PBXProject;
			attributes = {
				BuildIndependentTargetsInParallel = 1;
				LastSwiftUpdateCheck = 1420;
				LastUpgradeCheck = 1420;
				TargetAttributes = {
					52F2F9CF29BF7FE5003C1424 = {
						CreatedOnToolsVersion = 14.2;
					};
				};
			};
			buildConfigurationList = 52F2F9CB29BF7FE5003C1424 /* Build configuration list for PBXProject "FlashChat" */;
			compatibilityVersion = "Xcode 14.0";
			developmentRegion = en;
			hasScannedForEncodings = 0;
			knownRegions = (
				en,
				Base,
			);
			mainGroup = 52F2F9C729BF7FE5003C1424;
			productRefGroup = 52F2F9D129BF7FE5003C1424 /* Products */;
			projectDirPath = "";
			projectRoot = "";
			targets = (
				52F2F9CF29BF7FE5003C1424 /* FlashChat */,
			);
		};
/* End PBXProject section */

/* Begin PBXResourcesBuildPhase section */
		52F2F9CE29BF7FE5003C1424 /* Resources */ = {
			isa = PBXResourcesBuildPhase;
			buildActionMask = 2147483647;
			files = (
				52F2F9E029BF7FE7003C1424 /* LaunchScreen.storyboard in Resources */,
				52F2F9DD29BF7FE7003C1424 /* Assets.xcassets in Resources */,
			);
			runOnlyForDeploymentPostprocessing = 0;
		};
/* End PBXResourcesBuildPhase section */

/* Begin PBXShellScriptBuildPhase section */
		40EF545940282792D4D0E805 /* [CP] Check Pods Manifest.lock */ = {
			isa = PBXShellScriptBuildPhase;
			buildActionMask = 2147483647;
			files = (
			);
			inputFileListPaths = (
			);
			inputPaths = (
				"${PODS_PODFILE_DIR_PATH}/Podfile.lock",
				"${PODS_ROOT}/Manifest.lock",
			);
			name = "[CP] Check Pods Manifest.lock";
			outputFileListPaths = (
			);
			outputPaths = (
				"$(DERIVED_FILE_DIR)/Pods-FlashChat-checkManifestLockResult.txt",
			);
			runOnlyForDeploymentPostprocessing = 0;
			shellPath = /bin/sh;
			shellScript = "diff \"${PODS_PODFILE_DIR_PATH}/Podfile.lock\" \"${PODS_ROOT}/Manifest.lock\" > /dev/null\nif [ $? != 0 ] ; then\n    # print error to STDERR\n    echo \"error: The sandbox is not in sync with the Podfile.lock. Run 'pod install' or update your CocoaPods installation.\" >&2\n    exit 1\nfi\n# This output is used by Xcode 'outputs' to avoid re-running this script phase.\necho \"SUCCESS\" > \"${SCRIPT_OUTPUT_FILE_0}\"\n";
			showEnvVarsInLog = 0;
		};
/* End PBXShellScriptBuildPhase section */

/* Begin PBXSourcesBuildPhase section */
		52F2F9CC29BF7FE5003C1424 /* Sources */ = {
			isa = PBXSourcesBuildPhase;
			buildActionMask = 2147483647;
			files = (
				529B4D5529BFD5860074DD94 /* LoginViewController.swift in Sources */,
				52F2F9EA29BF86D9003C1424 /* UIButton + Extension.swift in Sources */,
				529B4D5329BFD02F0074DD94 /* CustomView(TF).swift in Sources */,
				529B4D5129BFCAE30074DD94 /* UITextField + Extension.swift in Sources */,
				52F2F9D829BF7FE5003C1424 /* WelcomeViewController.swift in Sources */,
				52F2F9D429BF7FE5003C1424 /* AppDelegate.swift in Sources */,
				529B4D5929BFDB5E0074DD94 /* CustomView(TF + Button).swift in Sources */,
				52F2F9EE29BF9230003C1424 /* RegisterViewController.swift in Sources */,
				52F2F9D629BF7FE5003C1424 /* SceneDelegate.swift in Sources */,
				529B4D5729BFD8690074DD94 /* ChatViewController.swift in Sources */,
				52F2F9E829BF81D5003C1424 /* StackView + Extension.swift in Sources */,
			);
			runOnlyForDeploymentPostprocessing = 0;
		};
/* End PBXSourcesBuildPhase section */

/* Begin PBXVariantGroup section */
		52F2F9DE29BF7FE7003C1424 /* LaunchScreen.storyboard */ = {
			isa = PBXVariantGroup;
			children = (
				52F2F9DF29BF7FE7003C1424 /* Base */,
			);
			name = LaunchScreen.storyboard;
			sourceTree = "<group>";
		};
/* End PBXVariantGroup section */

/* Begin XCBuildConfiguration section */
		52F2F9E229BF7FE7003C1424 /* Debug */ = {
			isa = XCBuildConfiguration;
			buildSettings = {
				ALWAYS_SEARCH_USER_PATHS = NO;
				CLANG_ANALYZER_NONNULL = YES;
				CLANG_ANALYZER_NUMBER_OBJECT_CONVERSION = YES_AGGRESSIVE;
				CLANG_CXX_LANGUAGE_STANDARD = "gnu++20";
				CLANG_ENABLE_MODULES = YES;
				CLANG_ENABLE_OBJC_ARC = YES;
				CLANG_ENABLE_OBJC_WEAK = YES;
				CLANG_WARN_BLOCK_CAPTURE_AUTORELEASING = YES;
				CLANG_WARN_BOOL_CONVERSION = YES;
				CLANG_WARN_COMMA = YES;
				CLANG_WARN_CONSTANT_CONVERSION = YES;
				CLANG_WARN_DEPRECATED_OBJC_IMPLEMENTATIONS = YES;
				CLANG_WARN_DIRECT_OBJC_ISA_USAGE = YES_ERROR;
				CLANG_WARN_DOCUMENTATION_COMMENTS = YES;
				CLANG_WARN_EMPTY_BODY = YES;
				CLANG_WARN_ENUM_CONVERSION = YES;
				CLANG_WARN_INFINITE_RECURSION = YES;
				CLANG_WARN_INT_CONVERSION = YES;
				CLANG_WARN_NON_LITERAL_NULL_CONVERSION = YES;
				CLANG_WARN_OBJC_IMPLICIT_RETAIN_SELF = YES;
				CLANG_WARN_OBJC_LITERAL_CONVERSION = YES;
				CLANG_WARN_OBJC_ROOT_CLASS = YES_ERROR;
				CLANG_WARN_QUOTED_INCLUDE_IN_FRAMEWORK_HEADER = YES;
				CLANG_WARN_RANGE_LOOP_ANALYSIS = YES;
				CLANG_WARN_STRICT_PROTOTYPES = YES;
				CLANG_WARN_SUSPICIOUS_MOVE = YES;
				CLANG_WARN_UNGUARDED_AVAILABILITY = YES_AGGRESSIVE;
				CLANG_WARN_UNREACHABLE_CODE = YES;
				CLANG_WARN__DUPLICATE_METHOD_MATCH = YES;
				COPY_PHASE_STRIP = NO;
				DEBUG_INFORMATION_FORMAT = dwarf;
				ENABLE_STRICT_OBJC_MSGSEND = YES;
				ENABLE_TESTABILITY = YES;
				GCC_C_LANGUAGE_STANDARD = gnu11;
				GCC_DYNAMIC_NO_PIC = NO;
				GCC_NO_COMMON_BLOCKS = YES;
				GCC_OPTIMIZATION_LEVEL = 0;
				GCC_PREPROCESSOR_DEFINITIONS = (
					"DEBUG=1",
					"$(inherited)",
				);
				GCC_WARN_64_TO_32_BIT_CONVERSION = YES;
				GCC_WARN_ABOUT_RETURN_TYPE = YES_ERROR;
				GCC_WARN_UNDECLARED_SELECTOR = YES;
				GCC_WARN_UNINITIALIZED_AUTOS = YES_AGGRESSIVE;
				GCC_WARN_UNUSED_FUNCTION = YES;
				GCC_WARN_UNUSED_VARIABLE = YES;
				IPHONEOS_DEPLOYMENT_TARGET = 16.2;
				MTL_ENABLE_DEBUG_INFO = INCLUDE_SOURCE;
				MTL_FAST_MATH = YES;
				ONLY_ACTIVE_ARCH = YES;
				SDKROOT = iphoneos;
				SWIFT_ACTIVE_COMPILATION_CONDITIONS = DEBUG;
				SWIFT_OPTIMIZATION_LEVEL = "-Onone";
			};
			name = Debug;
		};
		52F2F9E329BF7FE7003C1424 /* Release */ = {
			isa = XCBuildConfiguration;
			buildSettings = {
				ALWAYS_SEARCH_USER_PATHS = NO;
				CLANG_ANALYZER_NONNULL = YES;
				CLANG_ANALYZER_NUMBER_OBJECT_CONVERSION = YES_AGGRESSIVE;
				CLANG_CXX_LANGUAGE_STANDARD = "gnu++20";
				CLANG_ENABLE_MODULES = YES;
				CLANG_ENABLE_OBJC_ARC = YES;
				CLANG_ENABLE_OBJC_WEAK = YES;
				CLANG_WARN_BLOCK_CAPTURE_AUTORELEASING = YES;
				CLANG_WARN_BOOL_CONVERSION = YES;
				CLANG_WARN_COMMA = YES;
				CLANG_WARN_CONSTANT_CONVERSION = YES;
				CLANG_WARN_DEPRECATED_OBJC_IMPLEMENTATIONS = YES;
				CLANG_WARN_DIRECT_OBJC_ISA_USAGE = YES_ERROR;
				CLANG_WARN_DOCUMENTATION_COMMENTS = YES;
				CLANG_WARN_EMPTY_BODY = YES;
				CLANG_WARN_ENUM_CONVERSION = YES;
				CLANG_WARN_INFINITE_RECURSION = YES;
				CLANG_WARN_INT_CONVERSION = YES;
				CLANG_WARN_NON_LITERAL_NULL_CONVERSION = YES;
				CLANG_WARN_OBJC_IMPLICIT_RETAIN_SELF = YES;
				CLANG_WARN_OBJC_LITERAL_CONVERSION = YES;
				CLANG_WARN_OBJC_ROOT_CLASS = YES_ERROR;
				CLANG_WARN_QUOTED_INCLUDE_IN_FRAMEWORK_HEADER = YES;
				CLANG_WARN_RANGE_LOOP_ANALYSIS = YES;
				CLANG_WARN_STRICT_PROTOTYPES = YES;
				CLANG_WARN_SUSPICIOUS_MOVE = YES;
				CLANG_WARN_UNGUARDED_AVAILABILITY = YES_AGGRESSIVE;
				CLANG_WARN_UNREACHABLE_CODE = YES;
				CLANG_WARN__DUPLICATE_METHOD_MATCH = YES;
				COPY_PHASE_STRIP = NO;
				DEBUG_INFORMATION_FORMAT = "dwarf-with-dsym";
				ENABLE_NS_ASSERTIONS = NO;
				ENABLE_STRICT_OBJC_MSGSEND = YES;
				GCC_C_LANGUAGE_STANDARD = gnu11;
				GCC_NO_COMMON_BLOCKS = YES;
				GCC_WARN_64_TO_32_BIT_CONVERSION = YES;
				GCC_WARN_ABOUT_RETURN_TYPE = YES_ERROR;
				GCC_WARN_UNDECLARED_SELECTOR = YES;
				GCC_WARN_UNINITIALIZED_AUTOS = YES_AGGRESSIVE;
				GCC_WARN_UNUSED_FUNCTION = YES;
				GCC_WARN_UNUSED_VARIABLE = YES;
				IPHONEOS_DEPLOYMENT_TARGET = 16.2;
				MTL_ENABLE_DEBUG_INFO = NO;
				MTL_FAST_MATH = YES;
				SDKROOT = iphoneos;
				SWIFT_COMPILATION_MODE = wholemodule;
				SWIFT_OPTIMIZATION_LEVEL = "-O";
				VALIDATE_PRODUCT = YES;
			};
			name = Release;
		};
		52F2F9E529BF7FE7003C1424 /* Debug */ = {
			isa = XCBuildConfiguration;
			baseConfigurationReference = B4CFB1E0749F521515BBF76B /* Pods-FlashChat.debug.xcconfig */;
			buildSettings = {
				ASSETCATALOG_COMPILER_APPICON_NAME = AppIcon;
				ASSETCATALOG_COMPILER_GLOBAL_ACCENT_COLOR_NAME = AccentColor;
				CODE_SIGN_STYLE = Automatic;
				CURRENT_PROJECT_VERSION = 1;
				DEVELOPMENT_TEAM = 7G79D48L69;
				GENERATE_INFOPLIST_FILE = YES;
				INFOPLIST_FILE = FlashChat/Info.plist;
				INFOPLIST_KEY_UIApplicationSupportsIndirectInputEvents = YES;
				INFOPLIST_KEY_UILaunchStoryboardName = LaunchScreen;
				INFOPLIST_KEY_UISupportedInterfaceOrientations_iPad = "UIInterfaceOrientationPortrait UIInterfaceOrientationPortraitUpsideDown UIInterfaceOrientationLandscapeLeft UIInterfaceOrientationLandscapeRight";
				INFOPLIST_KEY_UISupportedInterfaceOrientations_iPhone = "UIInterfaceOrientationPortrait UIInterfaceOrientationLandscapeLeft UIInterfaceOrientationLandscapeRight";
				LD_RUNPATH_SEARCH_PATHS = (
					"$(inherited)",
					"@executable_path/Frameworks",
				);
				MARKETING_VERSION = 1.0;
				PRODUCT_BUNDLE_IDENTIFIER = com.andrewIssues.FlashChat;
				PRODUCT_NAME = "$(TARGET_NAME)";
				SWIFT_EMIT_LOC_STRINGS = YES;
				SWIFT_VERSION = 5.0;
				TARGETED_DEVICE_FAMILY = "1,2";
			};
			name = Debug;
		};
		52F2F9E629BF7FE7003C1424 /* Release */ = {
			isa = XCBuildConfiguration;
			baseConfigurationReference = 03F4582610DBDA3E9477F55F /* Pods-FlashChat.release.xcconfig */;
			buildSettings = {
				ASSETCATALOG_COMPILER_APPICON_NAME = AppIcon;
				ASSETCATALOG_COMPILER_GLOBAL_ACCENT_COLOR_NAME = AccentColor;
				CODE_SIGN_STYLE = Automatic;
				CURRENT_PROJECT_VERSION = 1;
				DEVELOPMENT_TEAM = 7G79D48L69;
				GENERATE_INFOPLIST_FILE = YES;
				INFOPLIST_FILE = FlashChat/Info.plist;
				INFOPLIST_KEY_UIApplicationSupportsIndirectInputEvents = YES;
				INFOPLIST_KEY_UILaunchStoryboardName = LaunchScreen;
				INFOPLIST_KEY_UISupportedInterfaceOrientations_iPad = "UIInterfaceOrientationPortrait UIInterfaceOrientationPortraitUpsideDown UIInterfaceOrientationLandscapeLeft UIInterfaceOrientationLandscapeRight";
				INFOPLIST_KEY_UISupportedInterfaceOrientations_iPhone = "UIInterfaceOrientationPortrait UIInterfaceOrientationLandscapeLeft UIInterfaceOrientationLandscapeRight";
				LD_RUNPATH_SEARCH_PATHS = (
					"$(inherited)",
					"@executable_path/Frameworks",
				);
				MARKETING_VERSION = 1.0;
				PRODUCT_BUNDLE_IDENTIFIER = com.andrewIssues.FlashChat;
				PRODUCT_NAME = "$(TARGET_NAME)";
				SWIFT_EMIT_LOC_STRINGS = YES;
				SWIFT_VERSION = 5.0;
				TARGETED_DEVICE_FAMILY = "1,2";
			};
			name = Release;
		};
/* End XCBuildConfiguration section */

/* Begin XCConfigurationList section */
		52F2F9CB29BF7FE5003C1424 /* Build configuration list for PBXProject "FlashChat" */ = {
			isa = XCConfigurationList;
			buildConfigurations = (
				52F2F9E229BF7FE7003C1424 /* Debug */,
				52F2F9E329BF7FE7003C1424 /* Release */,
			);
			defaultConfigurationIsVisible = 0;
			defaultConfigurationName = Release;
		};
		52F2F9E429BF7FE7003C1424 /* Build configuration list for PBXNativeTarget "FlashChat" */ = {
			isa = XCConfigurationList;
			buildConfigurations = (
				52F2F9E529BF7FE7003C1424 /* Debug */,
				52F2F9E629BF7FE7003C1424 /* Release */,
			);
			defaultConfigurationIsVisible = 0;
			defaultConfigurationName = Release;
		};
/* End XCConfigurationList section */
	};
	rootObject = 52F2F9C829BF7FE5003C1424 /* Project object */;
}
